
Microsoft Visual Studio Solution File, Format Version 12.00
# Visual Studio Version 17
VisualStudioVersion = 17.1.32319.34
MinimumVisualStudioVersion = 10.0.40219.1
Project("{FAE04EC0-301F-11D3-BF4B-00C04F79EFBC}") = "Fitness.BL", "Fitness.BL\Fitness.BL.csproj", "{1FF44AD5-62A2-44FE-BE26-6A69358B879C}"
EndProject
Project("{FAE04EC0-301F-11D3-BF4B-00C04F79EFBC}") = "Fitness.CMD", "Fitness.CMD\Fitness.CMD.csproj", "{C673F0B4-707F-47DE-B396-AADFD65EA319}"
EndProject
Global
	GlobalSection(SolutionConfigurationPlatforms) = preSolution
		Debug|Any CPU = Debug|Any CPU
		Release|Any CPU = Release|Any CPU
	EndGlobalSection
	GlobalSection(ProjectConfigurationPlatforms) = postSolution
		{1FF44AD5-62A2-44FE-BE26-6A69358B879C}.Debug|Any CPU.ActiveCfg = Debug|Any CPU
		{1FF44AD5-62A2-44FE-BE26-6A69358B879C}.Debug|Any CPU.Build.0 = Debug|Any CPU
		{1FF44AD5-62A2-44FE-BE26-6A69358B879C}.Release|Any CPU.ActiveCfg = Release|Any CPU
		{1FF44AD5-62A2-44FE-BE26-6A69358B879C}.Release|Any CPU.Build.0 = Release|Any CPU
		{C673F0B4-707F-47DE-B396-AADFD65EA319}.Debug|Any CPU.ActiveCfg = Debug|Any CPU
		{C673F0B4-707F-47DE-B396-AADFD65EA319}.Debug|Any CPU.Build.0 = Debug|Any CPU
		{C673F0B4-707F-47DE-B396-AADFD65EA319}.Release|Any CPU.ActiveCfg = Release|Any CPU
		{C673F0B4-707F-47DE-B396-AADFD65EA319}.Release|Any CPU.Build.0 = Release|Any CPU
	EndGlobalSection
	GlobalSection(SolutionProperties) = preSolution
		HideSolutionNode = FALSE
	EndGlobalSection
	GlobalSection(ExtensibilityGlobals) = postSolution
		SolutionGuid = {1FCA05DD-FDD4-4AB5-B02A-17F42EBAE872}
	EndGlobalSection
EndGlobal
